
Microsoft Visual Studio Solution File, Format Version 12.00
# Visual Studio Version 17
VisualStudioVersion = 17.0.32014.148
MinimumVisualStudioVersion = 10.0.40219.1
Project("{9A19103F-16F7-4668-BE54-9A1E7A4F7556}") = "BudgetSplit.Web", "BudgetSplit.Web\BudgetSplit.Web.csproj", "{E09848F7-44FA-477A-94B6-287661608489}"
EndProject
Project("{9A19103F-16F7-4668-BE54-9A1E7A4F7556}") = "BudgetSplit.Core", "BudgetSplit.Core\BudgetSplit.Core.csproj", "{0C1BC900-169E-4CD6-93FB-6B0B2883D8F7}"
EndProject
Project("{9A19103F-16F7-4668-BE54-9A1E7A4F7556}") = "BudgetSplit.Shared", "BudgetSplit\Shared\BudgetSplit.Shared.csproj", "{77DF75CA-E1B3-4E45-AF65-97B61C67F515}"
EndProject
Project("{9A19103F-16F7-4668-BE54-9A1E7A4F7556}") = "BudgetSplit.New", "BudgetSplit.New\BudgetSplit.New.csproj", "{1D0649D9-09EC-4E30-95B6-1D46F46D5F4E}"
EndProject
Project("{9A19103F-16F7-4668-BE54-9A1E7A4F7556}") = "BudgetSplit.Services", "BudgetSplit.Services\BudgetSplit.Services.csproj", "{839AFF0E-AE6B-41A7-8AE5-EEA14FBD34CC}"
EndProject
Global
	GlobalSection(SolutionConfigurationPlatforms) = preSolution
		Debug|Any CPU = Debug|Any CPU
		Release|Any CPU = Release|Any CPU
	EndGlobalSection
	GlobalSection(ProjectConfigurationPlatforms) = postSolution
		{E09848F7-44FA-477A-94B6-287661608489}.Debug|Any CPU.ActiveCfg = Debug|Any CPU
		{E09848F7-44FA-477A-94B6-287661608489}.Debug|Any CPU.Build.0 = Debug|Any CPU
		{E09848F7-44FA-477A-94B6-287661608489}.Release|Any CPU.ActiveCfg = Release|Any CPU
		{E09848F7-44FA-477A-94B6-287661608489}.Release|Any CPU.Build.0 = Release|Any CPU
		{0C1BC900-169E-4CD6-93FB-6B0B2883D8F7}.Debug|Any CPU.ActiveCfg = Debug|Any CPU
		{0C1BC900-169E-4CD6-93FB-6B0B2883D8F7}.Debug|Any CPU.Build.0 = Debug|Any CPU
		{0C1BC900-169E-4CD6-93FB-6B0B2883D8F7}.Release|Any CPU.ActiveCfg = Release|Any CPU
		{0C1BC900-169E-4CD6-93FB-6B0B2883D8F7}.Release|Any CPU.Build.0 = Release|Any CPU
		{77DF75CA-E1B3-4E45-AF65-97B61C67F515}.Debug|Any CPU.ActiveCfg = Debug|Any CPU
		{77DF75CA-E1B3-4E45-AF65-97B61C67F515}.Debug|Any CPU.Build.0 = Debug|Any CPU
		{77DF75CA-E1B3-4E45-AF65-97B61C67F515}.Release|Any CPU.ActiveCfg = Release|Any CPU
		{77DF75CA-E1B3-4E45-AF65-97B61C67F515}.Release|Any CPU.Build.0 = Release|Any CPU
		{1D0649D9-09EC-4E30-95B6-1D46F46D5F4E}.Debug|Any CPU.ActiveCfg = Debug|Any CPU
		{1D0649D9-09EC-4E30-95B6-1D46F46D5F4E}.Debug|Any CPU.Build.0 = Debug|Any CPU
		{1D0649D9-09EC-4E30-95B6-1D46F46D5F4E}.Release|Any CPU.ActiveCfg = Release|Any CPU
		{1D0649D9-09EC-4E30-95B6-1D46F46D5F4E}.Release|Any CPU.Build.0 = Release|Any CPU
		{839AFF0E-AE6B-41A7-8AE5-EEA14FBD34CC}.Debug|Any CPU.ActiveCfg = Debug|Any CPU
		{839AFF0E-AE6B-41A7-8AE5-EEA14FBD34CC}.Debug|Any CPU.Build.0 = Debug|Any CPU
		{839AFF0E-AE6B-41A7-8AE5-EEA14FBD34CC}.Release|Any CPU.ActiveCfg = Release|Any CPU
		{839AFF0E-AE6B-41A7-8AE5-EEA14FBD34CC}.Release|Any CPU.Build.0 = Release|Any CPU
	EndGlobalSection
	GlobalSection(SolutionProperties) = preSolution
		HideSolutionNode = FALSE
	EndGlobalSection
	GlobalSection(ExtensibilityGlobals) = postSolution
		SolutionGuid = {EA1FF957-6718-4069-B4CB-3BD2EE8F293E}
	EndGlobalSection
EndGlobal
