
Microsoft Visual Studio Solution File, Format Version 12.00
# Visual Studio Version 17
VisualStudioVersion = 17.0.31717.71
MinimumVisualStudioVersion = 10.0.40219.1
Project("{9A19103F-16F7-4668-BE54-9A1E7A4F7556}") = "BudgetSplit.Web", "BudgetSplit.Web.csproj", "{77B9E8F4-C4BA-4B7E-9B36-55308DF7F68B}"
EndProject
Global
	GlobalSection(SolutionConfigurationPlatforms) = preSolution
		Debug|Any CPU = Debug|Any CPU
		Release|Any CPU = Release|Any CPU
	EndGlobalSection
	GlobalSection(ProjectConfigurationPlatforms) = postSolution
		{77B9E8F4-C4BA-4B7E-9B36-55308DF7F68B}.Debug|Any CPU.ActiveCfg = Debug|Any CPU
		{77B9E8F4-C4BA-4B7E-9B36-55308DF7F68B}.Debug|Any CPU.Build.0 = Debug|Any CPU
		{77B9E8F4-C4BA-4B7E-9B36-55308DF7F68B}.Release|Any CPU.ActiveCfg = Release|Any CPU
		{77B9E8F4-C4BA-4B7E-9B36-55308DF7F68B}.Release|Any CPU.Build.0 = Release|Any CPU
	EndGlobalSection
	GlobalSection(SolutionProperties) = preSolution
		HideSolutionNode = FALSE
	EndGlobalSection
	GlobalSection(ExtensibilityGlobals) = postSolution
		SolutionGuid = {90D1A18B-DC94-48A1-B338-BCE9CC7BD067}
	EndGlobalSection
EndGlobal